
Microsoft Visual Studio Solution File, Format Version 12.00
# Visual Studio Version 17
VisualStudioVersion = 17.11.35222.181
MinimumVisualStudioVersion = 10.0.40219.1
Project("{FAE04EC0-301F-11D3-BF4B-00C04F79EFBC}") = "streaming", "streaming\streaming.csproj", "{3D7F0119-4838-42AA-A657-63A87717483F}"
EndProject
Global
	GlobalSection(SolutionConfigurationPlatforms) = preSolution
		Debug|Any CPU = Debug|Any CPU
		Release|Any CPU = Release|Any CPU
	EndGlobalSection
	GlobalSection(ProjectConfigurationPlatforms) = postSolution
		{3D7F0119-4838-42AA-A657-63A87717483F}.Debug|Any CPU.ActiveCfg = Debug|Any CPU
		{3D7F0119-4838-42AA-A657-63A87717483F}.Debug|Any CPU.Build.0 = Debug|Any CPU
		{3D7F0119-4838-42AA-A657-63A87717483F}.Release|Any CPU.ActiveCfg = Release|Any CPU
		{3D7F0119-4838-42AA-A657-63A87717483F}.Release|Any CPU.Build.0 = Release|Any CPU
	EndGlobalSection
	GlobalSection(SolutionProperties) = preSolution
		HideSolutionNode = FALSE
	EndGlobalSection
	GlobalSection(ExtensibilityGlobals) = postSolution
		SolutionGuid = {E45792EA-9870-4321-8866-1F60EA3F1D35}
	EndGlobalSection
EndGlobal
